
Microsoft Visual Studio Solution File, Format Version 12.00
# Visual Studio 2013
VisualStudioVersion = 12.0.21005.1
MinimumVisualStudioVersion = 10.0.40219.1
Project("{FAE04EC0-301F-11D3-BF4B-00C04F79EFBC}") = "Sample.Objects", "Sample.Objects\Sample.Objects.csproj", "{007A2498-6BE9-4A7E-A059-ABCBFCB1C3C7}"
EndProject
Project("{FAE04EC0-301F-11D3-BF4B-00C04F79EFBC}") = "Sample.DataAccess", "Sample.DataAccess\Sample.DataAccess.csproj", "{14D1C622-D7F6-4EF5-80C0-B1B47E2387A6}"
EndProject
Project("{FAE04EC0-301F-11D3-BF4B-00C04F79EFBC}") = "Sample.Business", "Sample.Business\Sample.Business.csproj", "{42A8C417-73F4-41E2-A036-D4502D3F36F6}"
EndProject
Global
	GlobalSection(SolutionConfigurationPlatforms) = preSolution
		Debug|Any CPU = Debug|Any CPU
		Release|Any CPU = Release|Any CPU
	EndGlobalSection
	GlobalSection(ProjectConfigurationPlatforms) = postSolution
		{007A2498-6BE9-4A7E-A059-ABCBFCB1C3C7}.Debug|Any CPU.ActiveCfg = Debug|Any CPU
		{007A2498-6BE9-4A7E-A059-ABCBFCB1C3C7}.Debug|Any CPU.Build.0 = Debug|Any CPU
		{007A2498-6BE9-4A7E-A059-ABCBFCB1C3C7}.Release|Any CPU.ActiveCfg = Release|Any CPU
		{007A2498-6BE9-4A7E-A059-ABCBFCB1C3C7}.Release|Any CPU.Build.0 = Release|Any CPU
		{14D1C622-D7F6-4EF5-80C0-B1B47E2387A6}.Debug|Any CPU.ActiveCfg = Debug|Any CPU
		{14D1C622-D7F6-4EF5-80C0-B1B47E2387A6}.Debug|Any CPU.Build.0 = Debug|Any CPU
		{14D1C622-D7F6-4EF5-80C0-B1B47E2387A6}.Release|Any CPU.ActiveCfg = Release|Any CPU
		{14D1C622-D7F6-4EF5-80C0-B1B47E2387A6}.Release|Any CPU.Build.0 = Release|Any CPU
		{42A8C417-73F4-41E2-A036-D4502D3F36F6}.Debug|Any CPU.ActiveCfg = Debug|Any CPU
		{42A8C417-73F4-41E2-A036-D4502D3F36F6}.Debug|Any CPU.Build.0 = Debug|Any CPU
		{42A8C417-73F4-41E2-A036-D4502D3F36F6}.Release|Any CPU.ActiveCfg = Release|Any CPU
		{42A8C417-73F4-41E2-A036-D4502D3F36F6}.Release|Any CPU.Build.0 = Release|Any CPU
	EndGlobalSection
	GlobalSection(SolutionProperties) = preSolution
		HideSolutionNode = FALSE
	EndGlobalSection
EndGlobal
